
Microsoft Visual Studio Solution File, Format Version 12.00
# Visual Studio Version 16
VisualStudioVersion = 16.0.29911.84
MinimumVisualStudioVersion = 10.0.40219.1
Project("{FAE04EC0-301F-11D3-BF4B-00C04F79EFBC}") = "Code Strange News.Android", "Code Strange News.Android\Code Strange News.Android.csproj", "{B2AA3726-A865-4D91-AC1C-D43EEF88DBA6}"
EndProject
Project("{9A19103F-16F7-4668-BE54-9A1E7A4F7556}") = "Code Strange News", "Code Strange News\Code Strange News.csproj", "{6AAF8423-0CED-46E8-A316-77A7880932C7}"
EndProject
Project("{2150E333-8FDC-42A3-9474-1A3956D46DE8}") = "Solution Items", "Solution Items", "{860C9879-F6BF-4BE1-8283-8531C46102CC}"
	ProjectSection(SolutionItems) = preProject
		.gitignore = .gitignore
		README.md = README.md
	EndProjectSection
EndProject
Global
	GlobalSection(SolutionConfigurationPlatforms) = preSolution
		Debug|Any CPU = Debug|Any CPU
		Release|Any CPU = Release|Any CPU
	EndGlobalSection
	GlobalSection(ProjectConfigurationPlatforms) = postSolution
		{B2AA3726-A865-4D91-AC1C-D43EEF88DBA6}.Debug|Any CPU.ActiveCfg = Debug|Any CPU
		{B2AA3726-A865-4D91-AC1C-D43EEF88DBA6}.Debug|Any CPU.Build.0 = Debug|Any CPU
		{B2AA3726-A865-4D91-AC1C-D43EEF88DBA6}.Debug|Any CPU.Deploy.0 = Debug|Any CPU
		{B2AA3726-A865-4D91-AC1C-D43EEF88DBA6}.Release|Any CPU.ActiveCfg = Release|Any CPU
		{B2AA3726-A865-4D91-AC1C-D43EEF88DBA6}.Release|Any CPU.Build.0 = Release|Any CPU
		{B2AA3726-A865-4D91-AC1C-D43EEF88DBA6}.Release|Any CPU.Deploy.0 = Release|Any CPU
		{6AAF8423-0CED-46E8-A316-77A7880932C7}.Debug|Any CPU.ActiveCfg = Debug|Any CPU
		{6AAF8423-0CED-46E8-A316-77A7880932C7}.Debug|Any CPU.Build.0 = Debug|Any CPU
		{6AAF8423-0CED-46E8-A316-77A7880932C7}.Debug|Any CPU.Deploy.0 = Debug|Any CPU
		{6AAF8423-0CED-46E8-A316-77A7880932C7}.Release|Any CPU.ActiveCfg = Release|Any CPU
		{6AAF8423-0CED-46E8-A316-77A7880932C7}.Release|Any CPU.Build.0 = Release|Any CPU
		{6AAF8423-0CED-46E8-A316-77A7880932C7}.Release|Any CPU.Deploy.0 = Release|Any CPU
	EndGlobalSection
	GlobalSection(SolutionProperties) = preSolution
		HideSolutionNode = FALSE
	EndGlobalSection
	GlobalSection(ExtensibilityGlobals) = postSolution
		SolutionGuid = {942140E0-D00F-4A0E-ABA5-C5A8AFBCDC50}
	EndGlobalSection
EndGlobal
